
Microsoft Visual Studio Solution File, Format Version 12.00
# Visual Studio 14
VisualStudioVersion = 14.0.25420.1
MinimumVisualStudioVersion = 10.0.40219.1
Project("{FAE04EC0-301F-11D3-BF4B-00C04F79EFBC}") = "JsonTypes", "src\JsonTypes.csproj", "{7B6C465E-0207-4B95-B43A-75F9A3461DC2}"
EndProject
Project("{FAE04EC0-301F-11D3-BF4B-00C04F79EFBC}") = "UnitTests", "src\UnitTests\UnitTests.csproj", "{F874E0F7-10B7-46A5-9F66-C685BD26263F}"
EndProject
Global
	GlobalSection(SolutionConfigurationPlatforms) = preSolution
		Debug|Any CPU = Debug|Any CPU
		Release|Any CPU = Release|Any CPU
	EndGlobalSection
	GlobalSection(ProjectConfigurationPlatforms) = postSolution
		{7B6C465E-0207-4B95-B43A-75F9A3461DC2}.Debug|Any CPU.ActiveCfg = Debug|Any CPU
		{7B6C465E-0207-4B95-B43A-75F9A3461DC2}.Debug|Any CPU.Build.0 = Debug|Any CPU
		{7B6C465E-0207-4B95-B43A-75F9A3461DC2}.Release|Any CPU.ActiveCfg = Release|Any CPU
		{7B6C465E-0207-4B95-B43A-75F9A3461DC2}.Release|Any CPU.Build.0 = Release|Any CPU
		{F874E0F7-10B7-46A5-9F66-C685BD26263F}.Debug|Any CPU.ActiveCfg = Debug|Any CPU
		{F874E0F7-10B7-46A5-9F66-C685BD26263F}.Debug|Any CPU.Build.0 = Debug|Any CPU
		{F874E0F7-10B7-46A5-9F66-C685BD26263F}.Release|Any CPU.ActiveCfg = Release|Any CPU
		{F874E0F7-10B7-46A5-9F66-C685BD26263F}.Release|Any CPU.Build.0 = Release|Any CPU
	EndGlobalSection
	GlobalSection(SolutionProperties) = preSolution
		HideSolutionNode = FALSE
	EndGlobalSection
EndGlobal
